
Microsoft Visual Studio Solution File, Format Version 11.00
# Visual Studio 2010
Project("{FAE04EC0-301F-11D3-BF4B-00C04F79EFBC}") = "HumbleXnaLibrary", "HumbleXnaLibrary\HumbleXnaLibrary.csproj", "{CF315566-7A2A-4016-BD8A-E478427BC6B5}"
EndProject
Project("{FAE04EC0-301F-11D3-BF4B-00C04F79EFBC}") = "HumbleTest", "Game\Game\HumbleTest.csproj", "{29F9714A-AB8E-44E9-8477-0CC3BF0ACFA7}"
EndProject
Project("{96E2B04D-8817-42C6-938A-82C39BA4D311}") = "GameContent", "Game\GameContent\GameContent.contentproj", "{2C50215D-4581-470B-A17E-D8FCEE0A602A}"
EndProject
Global
	GlobalSection(SolutionConfigurationPlatforms) = preSolution
		Debug|Any CPU = Debug|Any CPU
		Debug|x86 = Debug|x86
		Release|Any CPU = Release|Any CPU
		Release|x86 = Release|x86
	EndGlobalSection
	GlobalSection(ProjectConfigurationPlatforms) = postSolution
		{CF315566-7A2A-4016-BD8A-E478427BC6B5}.Debug|Any CPU.ActiveCfg = Debug|x86
		{CF315566-7A2A-4016-BD8A-E478427BC6B5}.Debug|x86.ActiveCfg = Debug|x86
		{CF315566-7A2A-4016-BD8A-E478427BC6B5}.Debug|x86.Build.0 = Debug|x86
		{CF315566-7A2A-4016-BD8A-E478427BC6B5}.Release|Any CPU.ActiveCfg = Release|x86
		{CF315566-7A2A-4016-BD8A-E478427BC6B5}.Release|x86.ActiveCfg = Release|x86
		{CF315566-7A2A-4016-BD8A-E478427BC6B5}.Release|x86.Build.0 = Release|x86
		{29F9714A-AB8E-44E9-8477-0CC3BF0ACFA7}.Debug|Any CPU.ActiveCfg = Debug|x86
		{29F9714A-AB8E-44E9-8477-0CC3BF0ACFA7}.Debug|x86.ActiveCfg = Debug|x86
		{29F9714A-AB8E-44E9-8477-0CC3BF0ACFA7}.Debug|x86.Build.0 = Debug|x86
		{29F9714A-AB8E-44E9-8477-0CC3BF0ACFA7}.Release|Any CPU.ActiveCfg = Release|x86
		{29F9714A-AB8E-44E9-8477-0CC3BF0ACFA7}.Release|x86.ActiveCfg = Release|x86
		{29F9714A-AB8E-44E9-8477-0CC3BF0ACFA7}.Release|x86.Build.0 = Release|x86
		{2C50215D-4581-470B-A17E-D8FCEE0A602A}.Debug|Any CPU.ActiveCfg = Debug|x86
		{2C50215D-4581-470B-A17E-D8FCEE0A602A}.Debug|x86.ActiveCfg = Debug|x86
		{2C50215D-4581-470B-A17E-D8FCEE0A602A}.Release|Any CPU.ActiveCfg = Release|x86
		{2C50215D-4581-470B-A17E-D8FCEE0A602A}.Release|x86.ActiveCfg = Release|x86
	EndGlobalSection
	GlobalSection(SolutionProperties) = preSolution
		HideSolutionNode = FALSE
	EndGlobalSection
EndGlobal
